
Microsoft Visual Studio Solution File, Format Version 12.00
# Visual Studio Version 16
VisualStudioVersion = 16.0.29920.165
MinimumVisualStudioVersion = 10.0.40219.1
Project("{9092AA53-FB77-4645-B42D-1CCCA6BD08BD}") = "EHealthcare", "ExpressApp1\EHealthcare.njsproj", "{026C62A6-B667-40E2-92C0-31737D736CE5}"
EndProject
Global
	GlobalSection(SolutionConfigurationPlatforms) = preSolution
		Debug|Any CPU = Debug|Any CPU
		Release|Any CPU = Release|Any CPU
	EndGlobalSection
	GlobalSection(ProjectConfigurationPlatforms) = postSolution
		{026C62A6-B667-40E2-92C0-31737D736CE5}.Debug|Any CPU.ActiveCfg = Debug|Any CPU
		{026C62A6-B667-40E2-92C0-31737D736CE5}.Debug|Any CPU.Build.0 = Debug|Any CPU
		{026C62A6-B667-40E2-92C0-31737D736CE5}.Release|Any CPU.ActiveCfg = Release|Any CPU
		{026C62A6-B667-40E2-92C0-31737D736CE5}.Release|Any CPU.Build.0 = Release|Any CPU
	EndGlobalSection
	GlobalSection(SolutionProperties) = preSolution
		HideSolutionNode = FALSE
	EndGlobalSection
	GlobalSection(ExtensibilityGlobals) = postSolution
		SolutionGuid = {D70B4A6F-316F-4D57-B5D6-C186F7117BAE}
	EndGlobalSection
EndGlobal
